{
    "_readme": [
        "This file locks the dependencies of your project to a known state",
        "Read more about it at https://getcomposer.org/doc/01-basic-usage.md#composer-lock-the-lock-file",
        "This file is @generated automatically"
    ],
    "hash": "44a8bf53e78ff2f3d67bef887fc1b9c6",
    "content-hash": "1d4853219b6f189cd064f762efd8b31c",
    "packages": [
        {
            "name": "jjgrainger/posttypes",
            "version": "1.1.2",
            "source": {
                "type": "git",
                "url": "https://github.com/jjgrainger/PostTypes.git",
                "reference": "736c43ecf3e6272a1b18c3857ecea3ac4b030745"
            },
            "dist": {
                "type": "zip",
                "url": "https://api.github.com/repos/jjgrainger/PostTypes/zipball/736c43ecf3e6272a1b18c3857ecea3ac4b030745",
                "reference": "736c43ecf3e6272a1b18c3857ecea3ac4b030745",
                "shasum": ""
            },
            "require": {
                "php": ">=5.3.0"
            },
            "require-dev": {
                "squizlabs/php_codesniffer": "^2.8"
            },
            "type": "library",
            "autoload": {
                "psr-4": {
                    "PostTypes\\": "src/"
                }
            },
            "notification-url": "https://packagist.org/downloads/",
            "license": [
                "MIT"
            ],
            "authors": [
                {
                    "name": "Joe Grainger",
                    "email": "hello@jjgrainger.co.uk",
                    "homepage": "http://jjgrainger.co.uk"
                }
            ],
            "description": "Simple WordPress custom post types.",
            "homepage": "https://github.com/jjgrainger/posttype",
            "time": "2017-05-19 12:53:48"
        },
        {
            "name": "yahnis-elsts/admin-notices",
            "version": "v1.0",
            "source": {
                "type": "git",
                "url": "https://github.com/YahnisElsts/admin-notices.git",
                "reference": "04f54614e27b400f231fa63ea7dd3461440eea8d"
            },
            "dist": {
                "type": "zip",
                "url": "https://api.github.com/repos/YahnisElsts/admin-notices/zipball/04f54614e27b400f231fa63ea7dd3461440eea8d",
                "reference": "04f54614e27b400f231fa63ea7dd3461440eea8d",
                "shasum": ""
            },
            "require": {
                "php": ">=5.3.0"
            },
            "type": "library",
            "autoload": {
                "files": [
                    "AdminNotice.php"
                ]
            },
            "notification-url": "https://packagist.org/downloads/",
            "license": [
                "MIT"
            ],
            "authors": [
                {
                    "name": "Yahnis Elsts",
                    "email": "whiteshadow@w-shadow.com"
                }
            ],
            "description": "A utility library for WordPress plugins that makes it easier to create admin notices. Supports persistently dismissible notices.",
            "time": "2017-03-20 15:26:49"
        }
    ],
    "packages-dev": [],
    "aliases": [],
    "minimum-stability": "stable",
    "stability-flags": [],
    "prefer-stable": false,
    "prefer-lowest": false,
    "platform": [],
    "platform-dev": []
}
